
Microsoft Visual Studio Solution File, Format Version 12.00
# Visual Studio Version 17
VisualStudioVersion = 17.5.33502.453
MinimumVisualStudioVersion = 10.0.40219.1
Project("{FAE04EC0-301F-11D3-BF4B-00C04F79EFBC}") = "FastFoodApp", "FastFoodApp\FastFoodApp.csproj", "{527093D7-481A-424B-A18F-9D28EDCBF4BD}"
EndProject
Global
	GlobalSection(SolutionConfigurationPlatforms) = preSolution
		Debug|Any CPU = Debug|Any CPU
		Release|Any CPU = Release|Any CPU
	EndGlobalSection
	GlobalSection(ProjectConfigurationPlatforms) = postSolution
		{527093D7-481A-424B-A18F-9D28EDCBF4BD}.Debug|Any CPU.ActiveCfg = Debug|Any CPU
		{527093D7-481A-424B-A18F-9D28EDCBF4BD}.Debug|Any CPU.Build.0 = Debug|Any CPU
		{527093D7-481A-424B-A18F-9D28EDCBF4BD}.Release|Any CPU.ActiveCfg = Release|Any CPU
		{527093D7-481A-424B-A18F-9D28EDCBF4BD}.Release|Any CPU.Build.0 = Release|Any CPU
	EndGlobalSection
	GlobalSection(SolutionProperties) = preSolution
		HideSolutionNode = FALSE
	EndGlobalSection
	GlobalSection(ExtensibilityGlobals) = postSolution
		SolutionGuid = {0DAF1381-34C7-4B32-A550-C54086462B56}
	EndGlobalSection
EndGlobal
