
Microsoft Visual Studio Solution File, Format Version 12.00
# Visual Studio Version 17
VisualStudioVersion = 17.5.33502.453
MinimumVisualStudioVersion = 10.0.40219.1
Project("{9A19103F-16F7-4668-BE54-9A1E7A4F7556}") = "FastFood.Models", "FastFood.Models\FastFood.Models.csproj", "{F8E2EB7C-AB38-4D5F-8E8A-2BEAE5C4EE7D}"
EndProject
Project("{9A19103F-16F7-4668-BE54-9A1E7A4F7556}") = "FastFood.Service", "FastFood.Service\FastFood.Service.csproj", "{11B2036D-F275-4D5F-AD79-592E9C7B3AEB}"
EndProject
Project("{9A19103F-16F7-4668-BE54-9A1E7A4F7556}") = "FastFood.UI", "FastFood.UI\FastFood.UI.csproj", "{E7FE215D-A93B-439B-83C5-04EF680C6395}"
EndProject
Project("{FAE04EC0-301F-11D3-BF4B-00C04F79EFBC}") = "FastFood.Web", "FastFood.Web\FastFood.Web\FastFood.Web.csproj", "{94017462-50CC-49EC-92EB-03D2FDC4A79C}"
EndProject
Global
	GlobalSection(SolutionConfigurationPlatforms) = preSolution
		Debug|Any CPU = Debug|Any CPU
		Release|Any CPU = Release|Any CPU
	EndGlobalSection
	GlobalSection(ProjectConfigurationPlatforms) = postSolution
		{F8E2EB7C-AB38-4D5F-8E8A-2BEAE5C4EE7D}.Debug|Any CPU.ActiveCfg = Debug|Any CPU
		{F8E2EB7C-AB38-4D5F-8E8A-2BEAE5C4EE7D}.Debug|Any CPU.Build.0 = Debug|Any CPU
		{F8E2EB7C-AB38-4D5F-8E8A-2BEAE5C4EE7D}.Release|Any CPU.ActiveCfg = Release|Any CPU
		{F8E2EB7C-AB38-4D5F-8E8A-2BEAE5C4EE7D}.Release|Any CPU.Build.0 = Release|Any CPU
		{11B2036D-F275-4D5F-AD79-592E9C7B3AEB}.Debug|Any CPU.ActiveCfg = Debug|Any CPU
		{11B2036D-F275-4D5F-AD79-592E9C7B3AEB}.Debug|Any CPU.Build.0 = Debug|Any CPU
		{11B2036D-F275-4D5F-AD79-592E9C7B3AEB}.Release|Any CPU.ActiveCfg = Release|Any CPU
		{11B2036D-F275-4D5F-AD79-592E9C7B3AEB}.Release|Any CPU.Build.0 = Release|Any CPU
		{E7FE215D-A93B-439B-83C5-04EF680C6395}.Debug|Any CPU.ActiveCfg = Debug|Any CPU
		{E7FE215D-A93B-439B-83C5-04EF680C6395}.Debug|Any CPU.Build.0 = Debug|Any CPU
		{E7FE215D-A93B-439B-83C5-04EF680C6395}.Release|Any CPU.ActiveCfg = Release|Any CPU
		{E7FE215D-A93B-439B-83C5-04EF680C6395}.Release|Any CPU.Build.0 = Release|Any CPU
		{94017462-50CC-49EC-92EB-03D2FDC4A79C}.Debug|Any CPU.ActiveCfg = Debug|Any CPU
		{94017462-50CC-49EC-92EB-03D2FDC4A79C}.Debug|Any CPU.Build.0 = Debug|Any CPU
		{94017462-50CC-49EC-92EB-03D2FDC4A79C}.Release|Any CPU.ActiveCfg = Release|Any CPU
		{94017462-50CC-49EC-92EB-03D2FDC4A79C}.Release|Any CPU.Build.0 = Release|Any CPU
	EndGlobalSection
	GlobalSection(SolutionProperties) = preSolution
		HideSolutionNode = FALSE
	EndGlobalSection
	GlobalSection(ExtensibilityGlobals) = postSolution
		SolutionGuid = {1958DFAE-E402-4DB9-B938-111D89A84192}
	EndGlobalSection
EndGlobal
